// !$*UTF8*$!
{
	archiveVersion = 1;
	classes = {
	};
	objectVersion = 48;
	objects = {

/* Begin PBXBuildFile section */
		31A835201FB2168600F351BE /* ScrollViewController.swift in Sources */ = {isa = PBXBuildFile; fileRef = 31A8351E1FB2165600F351BE /* ScrollViewController.swift */; };
		31A835231FB21A2700F351BE /* KeyboardFrameChangeListenerMock.swift in Sources */ = {isa = PBXBuildFile; fileRef = 31A835211FB21A2500F351BE /* KeyboardFrameChangeListenerMock.swift */; };
		31A835261FB21A4A00F351BE /* ScrollViewKeyboardAvoiderSpy.swift in Sources */ = {isa = PBXBuildFile; fileRef = 31A835241FB21A4700F351BE /* ScrollViewKeyboardAvoiderSpy.swift */; };
		31A8352A1FB21D4C00F351BE /* ScrollWrapperView.swift in Sources */ = {isa = PBXBuildFile; fileRef = 31A835271FB21D2500F351BE /* ScrollWrapperView.swift */; };
		31A8352D1FB21DEA00F351BE /* ScrollWrapperViewSpec.swift in Sources */ = {isa = PBXBuildFile; fileRef = 31A8352B1FB21D9200F351BE /* ScrollWrapperViewSpec.swift */; };
		31A835301FB21FFA00F351BE /* ScrollWrapperViewSpy.swift in Sources */ = {isa = PBXBuildFile; fileRef = 31A8352E1FB21FB300F351BE /* ScrollWrapperViewSpy.swift */; };
		31A835321FB229B200F351BE /* View.swift in Sources */ = {isa = PBXBuildFile; fileRef = 31A835311FB229B200F351BE /* View.swift */; };
		31ACE0941FB14079001C4F2F /* AppDelegate.swift in Sources */ = {isa = PBXBuildFile; fileRef = 31ACE0931FB14079001C4F2F /* AppDelegate.swift */; };
		31ACE0961FB14079001C4F2F /* ViewController.swift in Sources */ = {isa = PBXBuildFile; fileRef = 31ACE0951FB14079001C4F2F /* ViewController.swift */; };
		31ACE09B1FB14079001C4F2F /* Assets.xcassets in Resources */ = {isa = PBXBuildFile; fileRef = 31ACE09A1FB14079001C4F2F /* Assets.xcassets */; };
		31ACE09E1FB14079001C4F2F /* LaunchScreen.storyboard in Resources */ = {isa = PBXBuildFile; fileRef = 31ACE09C1FB14079001C4F2F /* LaunchScreen.storyboard */; };
		31DFD9C51FB14196005BF855 /* ScrollViewController.h in Headers */ = {isa = PBXBuildFile; fileRef = 31DFD9C31FB14196005BF855 /* ScrollViewController.h */; settings = {ATTRIBUTES = (Public, ); }; };
		31DFD9C81FB14196005BF855 /* ScrollViewController.framework in Frameworks */ = {isa = PBXBuildFile; fileRef = 31DFD9C11FB14195005BF855 /* ScrollViewController.framework */; };
		31DFD9C91FB14196005BF855 /* ScrollViewController.framework in Embed Frameworks */ = {isa = PBXBuildFile; fileRef = 31DFD9C11FB14195005BF855 /* ScrollViewController.framework */; settings = {ATTRIBUTES = (CodeSignOnCopy, RemoveHeadersOnCopy, ); }; };
		31DFD9D51FB1424F005BF855 /* ScrollViewControllerSpec.swift in Sources */ = {isa = PBXBuildFile; fileRef = 31DFD9D41FB1424F005BF855 /* ScrollViewControllerSpec.swift */; };
		31DFD9D71FB1424F005BF855 /* ScrollViewController.framework in Frameworks */ = {isa = PBXBuildFile; fileRef = 31DFD9C11FB14195005BF855 /* ScrollViewController.framework */; };
		3A681207FA5E0DE4CF71E093 /* Pods_ScrollViewControllerTests.framework in Frameworks */ = {isa = PBXBuildFile; fileRef = E3E6F19F77F6FCD3098E4716 /* Pods_ScrollViewControllerTests.framework */; };
		592B26DE618200AA8E6706CF /* Pods_ScrollViewController.framework in Frameworks */ = {isa = PBXBuildFile; fileRef = C3952C196434986A8C2697A0 /* Pods_ScrollViewController.framework */; };
		8BB0A5069748E7604D50E4C9 /* Pods_ScrollViewControllerDemoApp.framework in Frameworks */ = {isa = PBXBuildFile; fileRef = A69C17243AD6AC42E9F77B17 /* Pods_ScrollViewControllerDemoApp.framework */; };
/* End PBXBuildFile section */

/* Begin PBXContainerItemProxy section */
		31DFD9C61FB14196005BF855 /* PBXContainerItemProxy */ = {
			isa = PBXContainerItemProxy;
			containerPortal = 31ACE0881FB14079001C4F2F /* Project object */;
			proxyType = 1;
			remoteGlobalIDString = 31DFD9C01FB14195005BF855;
			remoteInfo = ScrollViewController;
		};
		31DFD9D81FB1424F005BF855 /* PBXContainerItemProxy */ = {
			isa = PBXContainerItemProxy;
			containerPortal = 31ACE0881FB14079001C4F2F /* Project object */;
			proxyType = 1;
			remoteGlobalIDString = 31DFD9C01FB14195005BF855;
			remoteInfo = ScrollViewController;
		};
/* End PBXContainerItemProxy section */

/* Begin PBXCopyFilesBuildPhase section */
		31DFD9CD1FB14196005BF855 /* Embed Frameworks */ = {
			isa = PBXCopyFilesBuildPhase;
			buildActionMask = 2147483647;
			dstPath = "";
			dstSubfolderSpec = 10;
			files = (
				31DFD9C91FB14196005BF855 /* ScrollViewController.framework in Embed Frameworks */,
			);
			name = "Embed Frameworks";
			runOnlyForDeploymentPostprocessing = 0;
		};
/* End PBXCopyFilesBuildPhase section */

/* Begin PBXFileReference section */
		31A8351E1FB2165600F351BE /* ScrollViewController.swift */ = {isa = PBXFileReference; lastKnownFileType = sourcecode.swift; path = ScrollViewController.swift; sourceTree = "<group>"; };
		31A835211FB21A2500F351BE /* KeyboardFrameChangeListenerMock.swift */ = {isa = PBXFileReference; lastKnownFileType = sourcecode.swift; path = KeyboardFrameChangeListenerMock.swift; sourceTree = "<group>"; };
		31A835241FB21A4700F351BE /* ScrollViewKeyboardAvoiderSpy.swift */ = {isa = PBXFileReference; lastKnownFileType = sourcecode.swift; path = ScrollViewKeyboardAvoiderSpy.swift; sourceTree = "<group>"; };
		31A835271FB21D2500F351BE /* ScrollWrapperView.swift */ = {isa = PBXFileReference; lastKnownFileType = sourcecode.swift; path = ScrollWrapperView.swift; sourceTree = "<group>"; };
		31A8352B1FB21D9200F351BE /* ScrollWrapperViewSpec.swift */ = {isa = PBXFileReference; lastKnownFileType = sourcecode.swift; path = ScrollWrapperViewSpec.swift; sourceTree = "<group>"; };
		31A8352E1FB21FB300F351BE /* ScrollWrapperViewSpy.swift */ = {isa = PBXFileReference; lastKnownFileType = sourcecode.swift; path = ScrollWrapperViewSpy.swift; sourceTree = "<group>"; };
		31A835311FB229B200F351BE /* View.swift */ = {isa = PBXFileReference; lastKnownFileType = sourcecode.swift; path = View.swift; sourceTree = "<group>"; };
		31ACE0901FB14079001C4F2F /* ScrollViewControllerDemoApp.app */ = {isa = PBXFileReference; explicitFileType = wrapper.application; includeInIndex = 0; path = ScrollViewControllerDemoApp.app; sourceTree = BUILT_PRODUCTS_DIR; };
		31ACE0931FB14079001C4F2F /* AppDelegate.swift */ = {isa = PBXFileReference; lastKnownFileType = sourcecode.swift; path = AppDelegate.swift; sourceTree = "<group>"; };
		31ACE0951FB14079001C4F2F /* ViewController.swift */ = {isa = PBXFileReference; lastKnownFileType = sourcecode.swift; path = ViewController.swift; sourceTree = "<group>"; };
		31ACE09A1FB14079001C4F2F /* Assets.xcassets */ = {isa = PBXFileReference; lastKnownFileType = folder.assetcatalog; path = Assets.xcassets; sourceTree = "<group>"; };
		31ACE09D1FB14079001C4F2F /* Base */ = {isa = PBXFileReference; lastKnownFileType = file.storyboard; name = Base; path = Base.lproj/LaunchScreen.storyboard; sourceTree = "<group>"; };
		31ACE09F1FB14079001C4F2F /* Info.plist */ = {isa = PBXFileReference; lastKnownFileType = text.plist.xml; path = Info.plist; sourceTree = "<group>"; };
		31DFD9C11FB14195005BF855 /* ScrollViewController.framework */ = {isa = PBXFileReference; explicitFileType = wrapper.framework; includeInIndex = 0; path = ScrollViewController.framework; sourceTree = BUILT_PRODUCTS_DIR; };
		31DFD9C31FB14196005BF855 /* ScrollViewController.h */ = {isa = PBXFileReference; lastKnownFileType = sourcecode.c.h; path = ScrollViewController.h; sourceTree = "<group>"; };
		31DFD9C41FB14196005BF855 /* Info.plist */ = {isa = PBXFileReference; lastKnownFileType = text.plist.xml; path = Info.plist; sourceTree = "<group>"; };
		31DFD9D21FB1424F005BF855 /* ScrollViewControllerTests.xctest */ = {isa = PBXFileReference; explicitFileType = wrapper.cfbundle; includeInIndex = 0; path = ScrollViewControllerTests.xctest; sourceTree = BUILT_PRODUCTS_DIR; };
		31DFD9D41FB1424F005BF855 /* ScrollViewControllerSpec.swift */ = {isa = PBXFileReference; lastKnownFileType = sourcecode.swift; path = ScrollViewControllerSpec.swift; sourceTree = "<group>"; };
		31DFD9D61FB1424F005BF855 /* Info.plist */ = {isa = PBXFileReference; lastKnownFileType = text.plist.xml; path = Info.plist; sourceTree = "<group>"; };
		46F8C6767465A56785791768 /* Pods-ScrollViewController.debug.xcconfig */ = {isa = PBXFileReference; includeInIndex = 1; lastKnownFileType = text.xcconfig; name = "Pods-ScrollViewController.debug.xcconfig"; path = "Pods/Target Support Files/Pods-ScrollViewController/Pods-ScrollViewController.debug.xcconfig"; sourceTree = "<group>"; };
		6073F62D9717AAFDDDD79C73 /* Pods-ScrollViewControllerTests.debug.xcconfig */ = {isa = PBXFileReference; includeInIndex = 1; lastKnownFileType = text.xcconfig; name = "Pods-ScrollViewControllerTests.debug.xcconfig"; path = "Pods/Target Support Files/Pods-ScrollViewControllerTests/Pods-ScrollViewControllerTests.debug.xcconfig"; sourceTree = "<group>"; };
		7E4ABB272DD856DF4899F168 /* Pods-ScrollViewControllerDemoApp.debug.xcconfig */ = {isa = PBXFileReference; includeInIndex = 1; lastKnownFileType = text.xcconfig; name = "Pods-ScrollViewControllerDemoApp.debug.xcconfig"; path = "Pods/Target Support Files/Pods-ScrollViewControllerDemoApp/Pods-ScrollViewControllerDemoApp.debug.xcconfig"; sourceTree = "<group>"; };
		A69C17243AD6AC42E9F77B17 /* Pods_ScrollViewControllerDemoApp.framework */ = {isa = PBXFileReference; explicitFileType = wrapper.framework; includeInIndex = 0; path = Pods_ScrollViewControllerDemoApp.framework; sourceTree = BUILT_PRODUCTS_DIR; };
		B032ADEA1B801EAB85060ED9 /* Pods-ScrollViewControllerDemoApp.release.xcconfig */ = {isa = PBXFileReference; includeInIndex = 1; lastKnownFileType = text.xcconfig; name = "Pods-ScrollViewControllerDemoApp.release.xcconfig"; path = "Pods/Target Support Files/Pods-ScrollViewControllerDemoApp/Pods-ScrollViewControllerDemoApp.release.xcconfig"; sourceTree = "<group>"; };
		B0F771878E1CDF25AF82614C /* Pods-ScrollViewControllerTests.release.xcconfig */ = {isa = PBXFileReference; includeInIndex = 1; lastKnownFileType = text.xcconfig; name = "Pods-ScrollViewControllerTests.release.xcconfig"; path = "Pods/Target Support Files/Pods-ScrollViewControllerTests/Pods-ScrollViewControllerTests.release.xcconfig"; sourceTree = "<group>"; };
		B5130A2BF61641FC300F86D9 /* Pods-ScrollViewController.release.xcconfig */ = {isa = PBXFileReference; includeInIndex = 1; lastKnownFileType = text.xcconfig; name = "Pods-ScrollViewController.release.xcconfig"; path = "Pods/Target Support Files/Pods-ScrollViewController/Pods-ScrollViewController.release.xcconfig"; sourceTree = "<group>"; };
		C3952C196434986A8C2697A0 /* Pods_ScrollViewController.framework */ = {isa = PBXFileReference; explicitFileType = wrapper.framework; includeInIndex = 0; path = Pods_ScrollViewController.framework; sourceTree = BUILT_PRODUCTS_DIR; };
		E3E6F19F77F6FCD3098E4716 /* Pods_ScrollViewControllerTests.framework */ = {isa = PBXFileReference; explicitFileType = wrapper.framework; includeInIndex = 0; path = Pods_ScrollViewControllerTests.framework; sourceTree = BUILT_PRODUCTS_DIR; };
/* End PBXFileReference section */

/* Begin PBXFrameworksBuildPhase section */
		31ACE08D1FB14079001C4F2F /* Frameworks */ = {
			isa = PBXFrameworksBuildPhase;
			buildActionMask = 2147483647;
			files = (
				31DFD9C81FB14196005BF855 /* ScrollViewController.framework in Frameworks */,
				8BB0A5069748E7604D50E4C9 /* Pods_ScrollViewControllerDemoApp.framework in Frameworks */,
			);
			runOnlyForDeploymentPostprocessing = 0;
		};
		31DFD9BD1FB14195005BF855 /* Frameworks */ = {
			isa = PBXFrameworksBuildPhase;
			buildActionMask = 2147483647;
			files = (
				592B26DE618200AA8E6706CF /* Pods_ScrollViewController.framework in Frameworks */,
			);
			runOnlyForDeploymentPostprocessing = 0;
		};
		31DFD9CF1FB1424F005BF855 /* Frameworks */ = {
			isa = PBXFrameworksBuildPhase;
			buildActionMask = 2147483647;
			files = (
				31DFD9D71FB1424F005BF855 /* ScrollViewController.framework in Frameworks */,
				3A681207FA5E0DE4CF71E093 /* Pods_ScrollViewControllerTests.framework in Frameworks */,
			);
			runOnlyForDeploymentPostprocessing = 0;
		};
/* End PBXFrameworksBuildPhase section */

/* Begin PBXGroup section */
		00FA00342123FF7122C9AD1F /* Frameworks */ = {
			isa = PBXGroup;
			children = (
				C3952C196434986A8C2697A0 /* Pods_ScrollViewController.framework */,
				A69C17243AD6AC42E9F77B17 /* Pods_ScrollViewControllerDemoApp.framework */,
				E3E6F19F77F6FCD3098E4716 /* Pods_ScrollViewControllerTests.framework */,
			);
			name = Frameworks;
			sourceTree = "<group>";
		};
		31ACE0871FB14079001C4F2F = {
			isa = PBXGroup;
			children = (
				31ACE0921FB14079001C4F2F /* DemoApp */,
				00FA00342123FF7122C9AD1F /* Frameworks */,
				BD0F9B049433F65654FF3921 /* Pods */,
				31ACE0911FB14079001C4F2F /* Products */,
				31DFD9C21FB14196005BF855 /* Sources */,
				31DFD9D31FB1424F005BF855 /* Tests */,
			);
			sourceTree = "<group>";
		};
		31ACE0911FB14079001C4F2F /* Products */ = {
			isa = PBXGroup;
			children = (
				31ACE0901FB14079001C4F2F /* ScrollViewControllerDemoApp.app */,
				31DFD9C11FB14195005BF855 /* ScrollViewController.framework */,
				31DFD9D21FB1424F005BF855 /* ScrollViewControllerTests.xctest */,
			);
			name = Products;
			sourceTree = "<group>";
		};
		31ACE0921FB14079001C4F2F /* DemoApp */ = {
			isa = PBXGroup;
			children = (
				31ACE0931FB14079001C4F2F /* AppDelegate.swift */,
				31ACE09A1FB14079001C4F2F /* Assets.xcassets */,
				31ACE09F1FB14079001C4F2F /* Info.plist */,
				31ACE09C1FB14079001C4F2F /* LaunchScreen.storyboard */,
				31A835311FB229B200F351BE /* View.swift */,
				31ACE0951FB14079001C4F2F /* ViewController.swift */,
			);
			path = DemoApp;
			sourceTree = "<group>";
		};
		31DFD9C21FB14196005BF855 /* Sources */ = {
			isa = PBXGroup;
			children = (
				31DFD9C41FB14196005BF855 /* Info.plist */,
				31DFD9C31FB14196005BF855 /* ScrollViewController.h */,
				31A8351E1FB2165600F351BE /* ScrollViewController.swift */,
				31A835271FB21D2500F351BE /* ScrollWrapperView.swift */,
			);
			path = Sources;
			sourceTree = "<group>";
		};
		31DFD9D31FB1424F005BF855 /* Tests */ = {
			isa = PBXGroup;
			children = (
				31DFD9D61FB1424F005BF855 /* Info.plist */,
				31A835211FB21A2500F351BE /* KeyboardFrameChangeListenerMock.swift */,
				31DFD9D41FB1424F005BF855 /* ScrollViewControllerSpec.swift */,
				31A835241FB21A4700F351BE /* ScrollViewKeyboardAvoiderSpy.swift */,
				31A8352B1FB21D9200F351BE /* ScrollWrapperViewSpec.swift */,
				31A8352E1FB21FB300F351BE /* ScrollWrapperViewSpy.swift */,
			);
			path = Tests;
			sourceTree = "<group>";
		};
		BD0F9B049433F65654FF3921 /* Pods */ = {
			isa = PBXGroup;
			children = (
				46F8C6767465A56785791768 /* Pods-ScrollViewController.debug.xcconfig */,
				B5130A2BF61641FC300F86D9 /* Pods-ScrollViewController.release.xcconfig */,
				7E4ABB272DD856DF4899F168 /* Pods-ScrollViewControllerDemoApp.debug.xcconfig */,
				B032ADEA1B801EAB85060ED9 /* Pods-ScrollViewControllerDemoApp.release.xcconfig */,
				6073F62D9717AAFDDDD79C73 /* Pods-ScrollViewControllerTests.debug.xcconfig */,
				B0F771878E1CDF25AF82614C /* Pods-ScrollViewControllerTests.release.xcconfig */,
			);
			name = Pods;
			sourceTree = "<group>";
		};
/* End PBXGroup section */

/* Begin PBXHeadersBuildPhase section */
		31DFD9BE1FB14195005BF855 /* Headers */ = {
			isa = PBXHeadersBuildPhase;
			buildActionMask = 2147483647;
			files = (
				31DFD9C51FB14196005BF855 /* ScrollViewController.h in Headers */,
			);
			runOnlyForDeploymentPostprocessing = 0;
		};
/* End PBXHeadersBuildPhase section */

/* Begin PBXNativeTarget section */
		31ACE08F1FB14079001C4F2F /* ScrollViewControllerDemoApp */ = {
			isa = PBXNativeTarget;
			buildConfigurationList = 31ACE0A21FB14079001C4F2F /* Build configuration list for PBXNativeTarget "ScrollViewControllerDemoApp" */;
			buildPhases = (
				01EB97AB5F2715743C538216 /* [CP] Check Pods Manifest.lock */,
				31ACE08C1FB14079001C4F2F /* Sources */,
				31ACE08D1FB14079001C4F2F /* Frameworks */,
				31ACE08E1FB14079001C4F2F /* Resources */,
				31DFD9CD1FB14196005BF855 /* Embed Frameworks */,
				685EAF85EC0F82249A5BF805 /* [CP] Embed Pods Frameworks */,
				43D4AD6C0767F796A88B86E4 /* [CP] Copy Pods Resources */,
			);
			buildRules = (
			);
			dependencies = (
				31DFD9C71FB14196005BF855 /* PBXTargetDependency */,
			);
			name = ScrollViewControllerDemoApp;
			productName = ScrollViewController;
			productReference = 31ACE0901FB14079001C4F2F /* ScrollViewControllerDemoApp.app */;
			productType = "com.apple.product-type.application";
		};
		31DFD9C01FB14195005BF855 /* ScrollViewController */ = {
			isa = PBXNativeTarget;
			buildConfigurationList = 31DFD9CA1FB14196005BF855 /* Build configuration list for PBXNativeTarget "ScrollViewController" */;
			buildPhases = (
				26E836BD002770891AAE03FD /* [CP] Check Pods Manifest.lock */,
				31DFD9BC1FB14195005BF855 /* Sources */,
				31DFD9BD1FB14195005BF855 /* Frameworks */,
				31DFD9BE1FB14195005BF855 /* Headers */,
				31DFD9BF1FB14195005BF855 /* Resources */,
				1BC42A2AC2A1992CA48082B2 /* [CP] Copy Pods Resources */,
			);
			buildRules = (
			);
			dependencies = (
			);
			name = ScrollViewController;
			productName = ScrollViewController;
			productReference = 31DFD9C11FB14195005BF855 /* ScrollViewController.framework */;
			productType = "com.apple.product-type.framework";
		};
		31DFD9D11FB1424F005BF855 /* ScrollViewControllerTests */ = {
			isa = PBXNativeTarget;
			buildConfigurationList = 31DFD9DA1FB1424F005BF855 /* Build configuration list for PBXNativeTarget "ScrollViewControllerTests" */;
			buildPhases = (
				84AF8DC8059D6AF034B99DA5 /* [CP] Check Pods Manifest.lock */,
				31DFD9CE1FB1424F005BF855 /* Sources */,
				31DFD9CF1FB1424F005BF855 /* Frameworks */,
				31DFD9D01FB1424F005BF855 /* Resources */,
				40EEFC21702B9DDF47C5A4AD /* [CP] Embed Pods Frameworks */,
				C700535131120E85F6E2FAC2 /* [CP] Copy Pods Resources */,
			);
			buildRules = (
			);
			dependencies = (
				31DFD9D91FB1424F005BF855 /* PBXTargetDependency */,
			);
			name = ScrollViewControllerTests;
			productName = ScrollViewControllerTests;
			productReference = 31DFD9D21FB1424F005BF855 /* ScrollViewControllerTests.xctest */;
			productType = "com.apple.product-type.bundle.unit-test";
		};
/* End PBXNativeTarget section */

/* Begin PBXProject section */
		31ACE0881FB14079001C4F2F /* Project object */ = {
			isa = PBXProject;
			attributes = {
				LastSwiftUpdateCheck = 0910;
				LastUpgradeCheck = 0910;
				ORGANIZATIONNAME = "Dariusz Rybicki";
				TargetAttributes = {
					31ACE08F1FB14079001C4F2F = {
						CreatedOnToolsVersion = 9.1;
						ProvisioningStyle = Automatic;
					};
					31DFD9C01FB14195005BF855 = {
						CreatedOnToolsVersion = 9.1;
						ProvisioningStyle = Automatic;
					};
					31DFD9D11FB1424F005BF855 = {
						CreatedOnToolsVersion = 9.1;
						ProvisioningStyle = Automatic;
					};
				};
			};
			buildConfigurationList = 31ACE08B1FB14079001C4F2F /* Build configuration list for PBXProject "ScrollViewController" */;
			compatibilityVersion = "Xcode 8.0";
			developmentRegion = en;
			hasScannedForEncodings = 0;
			knownRegions = (
				en,
				Base,
			);
			mainGroup = 31ACE0871FB14079001C4F2F;
			productRefGroup = 31ACE0911FB14079001C4F2F /* Products */;
			projectDirPath = "";
			projectRoot = "";
			targets = (
				31ACE08F1FB14079001C4F2F /* ScrollViewControllerDemoApp */,
				31DFD9C01FB14195005BF855 /* ScrollViewController */,
				31DFD9D11FB1424F005BF855 /* ScrollViewControllerTests */,
			);
		};
/* End PBXProject section */

/* Begin PBXResourcesBuildPhase section */
		31ACE08E1FB14079001C4F2F /* Resources */ = {
			isa = PBXResourcesBuildPhase;
			buildActionMask = 2147483647;
			files = (
				31ACE09E1FB14079001C4F2F /* LaunchScreen.storyboard in Resources */,
				31ACE09B1FB14079001C4F2F /* Assets.xcassets in Resources */,
			);
			runOnlyForDeploymentPostprocessing = 0;
		};
		31DFD9BF1FB14195005BF855 /* Resources */ = {
			isa = PBXResourcesBuildPhase;
			buildActionMask = 2147483647;
			files = (
			);
			runOnlyForDeploymentPostprocessing = 0;
		};
		31DFD9D01FB1424F005BF855 /* Resources */ = {
			isa = PBXResourcesBuildPhase;
			buildActionMask = 2147483647;
			files = (
			);
			runOnlyForDeploymentPostprocessing = 0;
		};
/* End PBXResourcesBuildPhase section */

/* Begin PBXShellScriptBuildPhase section */
		01EB97AB5F2715743C538216 /* [CP] Check Pods Manifest.lock */ = {
			isa = PBXShellScriptBuildPhase;
			buildActionMask = 2147483647;
			files = (
			);
			inputPaths = (
				"${PODS_PODFILE_DIR_PATH}/Podfile.lock",
				"${PODS_ROOT}/Manifest.lock",
			);
			name = "[CP] Check Pods Manifest.lock";
			outputPaths = (
				"$(DERIVED_FILE_DIR)/Pods-ScrollViewControllerDemoApp-checkManifestLockResult.txt",
			);
			runOnlyForDeploymentPostprocessing = 0;
			shellPath = /bin/sh;
			shellScript = "diff \"${PODS_PODFILE_DIR_PATH}/Podfile.lock\" \"${PODS_ROOT}/Manifest.lock\" > /dev/null\nif [ $? != 0 ] ; then\n    # print error to STDERR\n    echo \"error: The sandbox is not in sync with the Podfile.lock. Run 'pod install' or update your CocoaPods installation.\" >&2\n    exit 1\nfi\n# This output is used by Xcode 'outputs' to avoid re-running this script phase.\necho \"SUCCESS\" > \"${SCRIPT_OUTPUT_FILE_0}\"\n";
			showEnvVarsInLog = 0;
		};
		1BC42A2AC2A1992CA48082B2 /* [CP] Copy Pods Resources */ = {
			isa = PBXShellScriptBuildPhase;
			buildActionMask = 2147483647;
			files = (
			);
			inputPaths = (
			);
			name = "[CP] Copy Pods Resources";
			outputPaths = (
			);
			runOnlyForDeploymentPostprocessing = 0;
			shellPath = /bin/sh;
			shellScript = "\"${SRCROOT}/Pods/Target Support Files/Pods-ScrollViewController/Pods-ScrollViewController-resources.sh\"\n";
			showEnvVarsInLog = 0;
		};
		26E836BD002770891AAE03FD /* [CP] Check Pods Manifest.lock */ = {
			isa = PBXShellScriptBuildPhase;
			buildActionMask = 2147483647;
			files = (
			);
			inputPaths = (
				"${PODS_PODFILE_DIR_PATH}/Podfile.lock",
				"${PODS_ROOT}/Manifest.lock",
			);
			name = "[CP] Check Pods Manifest.lock";
			outputPaths = (
				"$(DERIVED_FILE_DIR)/Pods-ScrollViewController-checkManifestLockResult.txt",
			);
			runOnlyForDeploymentPostprocessing = 0;
			shellPath = /bin/sh;
			shellScript = "diff \"${PODS_PODFILE_DIR_PATH}/Podfile.lock\" \"${PODS_ROOT}/Manifest.lock\" > /dev/null\nif [ $? != 0 ] ; then\n    # print error to STDERR\n    echo \"error: The sandbox is not in sync with the Podfile.lock. Run 'pod install' or update your CocoaPods installation.\" >&2\n    exit 1\nfi\n# This output is used by Xcode 'outputs' to avoid re-running this script phase.\necho \"SUCCESS\" > \"${SCRIPT_OUTPUT_FILE_0}\"\n";
			showEnvVarsInLog = 0;
		};
		40EEFC21702B9DDF47C5A4AD /* [CP] Embed Pods Frameworks */ = {
			isa = PBXShellScriptBuildPhase;
			buildActionMask = 2147483647;
			files = (
			);
			inputPaths = (
				"${SRCROOT}/Pods/Target Support Files/Pods-ScrollViewControllerTests/Pods-ScrollViewControllerTests-frameworks.sh",
				"${BUILT_PRODUCTS_DIR}/KeyboardFrameChangeListener/KeyboardFrameChangeListener.framework",
				"${BUILT_PRODUCTS_DIR}/ScrollViewKeyboardAvoider/ScrollViewKeyboardAvoider.framework",
				"${BUILT_PRODUCTS_DIR}/Nimble/Nimble.framework",
				"${BUILT_PRODUCTS_DIR}/Quick/Quick.framework",
			);
			name = "[CP] Embed Pods Frameworks";
			outputPaths = (
				"${TARGET_BUILD_DIR}/${FRAMEWORKS_FOLDER_PATH}/KeyboardFrameChangeListener.framework",
				"${TARGET_BUILD_DIR}/${FRAMEWORKS_FOLDER_PATH}/ScrollViewKeyboardAvoider.framework",
				"${TARGET_BUILD_DIR}/${FRAMEWORKS_FOLDER_PATH}/Nimble.framework",
				"${TARGET_BUILD_DIR}/${FRAMEWORKS_FOLDER_PATH}/Quick.framework",
			);
			runOnlyForDeploymentPostprocessing = 0;
			shellPath = /bin/sh;
			shellScript = "\"${SRCROOT}/Pods/Target Support Files/Pods-ScrollViewControllerTests/Pods-ScrollViewControllerTests-frameworks.sh\"\n";
			showEnvVarsInLog = 0;
		};
		43D4AD6C0767F796A88B86E4 /* [CP] Copy Pods Resources */ = {
			isa = PBXShellScriptBuildPhase;
			buildActionMask = 2147483647;
			files = (
			);
			inputPaths = (
			);
			name = "[CP] Copy Pods Resources";
			outputPaths = (
			);
			runOnlyForDeploymentPostprocessing = 0;
			shellPath = /bin/sh;
			shellScript = "\"${SRCROOT}/Pods/Target Support Files/Pods-ScrollViewControllerDemoApp/Pods-ScrollViewControllerDemoApp-resources.sh\"\n";
			showEnvVarsInLog = 0;
		};
		685EAF85EC0F82249A5BF805 /* [CP] Embed Pods Frameworks */ = {
			isa = PBXShellScriptBuildPhase;
			buildActionMask = 2147483647;
			files = (
			);
			inputPaths = (
				"${SRCROOT}/Pods/Target Support Files/Pods-ScrollViewControllerDemoApp/Pods-ScrollViewControllerDemoApp-frameworks.sh",
				"${BUILT_PRODUCTS_DIR}/KeyboardFrameChangeListener/KeyboardFrameChangeListener.framework",
				"${BUILT_PRODUCTS_DIR}/ScrollViewKeyboardAvoider/ScrollViewKeyboardAvoider.framework",
			);
			name = "[CP] Embed Pods Frameworks";
			outputPaths = (
				"${TARGET_BUILD_DIR}/${FRAMEWORKS_FOLDER_PATH}/KeyboardFrameChangeListener.framework",
				"${TARGET_BUILD_DIR}/${FRAMEWORKS_FOLDER_PATH}/ScrollViewKeyboardAvoider.framework",
			);
			runOnlyForDeploymentPostprocessing = 0;
			shellPath = /bin/sh;
			shellScript = "\"${SRCROOT}/Pods/Target Support Files/Pods-ScrollViewControllerDemoApp/Pods-ScrollViewControllerDemoApp-frameworks.sh\"\n";
			showEnvVarsInLog = 0;
		};
		84AF8DC8059D6AF034B99DA5 /* [CP] Check Pods Manifest.lock */ = {
			isa = PBXShellScriptBuildPhase;
			buildActionMask = 2147483647;
			files = (
			);
			inputPaths = (
				"${PODS_PODFILE_DIR_PATH}/Podfile.lock",
				"${PODS_ROOT}/Manifest.lock",
			);
			name = "[CP] Check Pods Manifest.lock";
			outputPaths = (
				"$(DERIVED_FILE_DIR)/Pods-ScrollViewControllerTests-checkManifestLockResult.txt",
			);
			runOnlyForDeploymentPostprocessing = 0;
			shellPath = /bin/sh;
			shellScript = "diff \"${PODS_PODFILE_DIR_PATH}/Podfile.lock\" \"${PODS_ROOT}/Manifest.lock\" > /dev/null\nif [ $? != 0 ] ; then\n    # print error to STDERR\n    echo \"error: The sandbox is not in sync with the Podfile.lock. Run 'pod install' or update your CocoaPods installation.\" >&2\n    exit 1\nfi\n# This output is used by Xcode 'outputs' to avoid re-running this script phase.\necho \"SUCCESS\" > \"${SCRIPT_OUTPUT_FILE_0}\"\n";
			showEnvVarsInLog = 0;
		};
		C700535131120E85F6E2FAC2 /* [CP] Copy Pods Resources */ = {
			isa = PBXShellScriptBuildPhase;
			buildActionMask = 2147483647;
			files = (
			);
			inputPaths = (
			);
			name = "[CP] Copy Pods Resources";
			outputPaths = (
			);
			runOnlyForDeploymentPostprocessing = 0;
			shellPath = /bin/sh;
			shellScript = "\"${SRCROOT}/Pods/Target Support Files/Pods-ScrollViewControllerTests/Pods-ScrollViewControllerTests-resources.sh\"\n";
			showEnvVarsInLog = 0;
		};
/* End PBXShellScriptBuildPhase section */

/* Begin PBXSourcesBuildPhase section */
		31ACE08C1FB14079001C4F2F /* Sources */ = {
			isa = PBXSourcesBuildPhase;
			buildActionMask = 2147483647;
			files = (
				31ACE0961FB14079001C4F2F /* ViewController.swift in Sources */,
				31ACE0941FB14079001C4F2F /* AppDelegate.swift in Sources */,
				31A835321FB229B200F351BE /* View.swift in Sources */,
			);
			runOnlyForDeploymentPostprocessing = 0;
		};
		31DFD9BC1FB14195005BF855 /* Sources */ = {
			isa = PBXSourcesBuildPhase;
			buildActionMask = 2147483647;
			files = (
				31A835201FB2168600F351BE /* ScrollViewController.swift in Sources */,
				31A8352A1FB21D4C00F351BE /* ScrollWrapperView.swift in Sources */,
			);
			runOnlyForDeploymentPostprocessing = 0;
		};
		31DFD9CE1FB1424F005BF855 /* Sources */ = {
			isa = PBXSourcesBuildPhase;
			buildActionMask = 2147483647;
			files = (
				31A835301FB21FFA00F351BE /* ScrollWrapperViewSpy.swift in Sources */,
				31A8352D1FB21DEA00F351BE /* ScrollWrapperViewSpec.swift in Sources */,
				31A835231FB21A2700F351BE /* KeyboardFrameChangeListenerMock.swift in Sources */,
				31A835261FB21A4A00F351BE /* ScrollViewKeyboardAvoiderSpy.swift in Sources */,
				31DFD9D51FB1424F005BF855 /* ScrollViewControllerSpec.swift in Sources */,
			);
			runOnlyForDeploymentPostprocessing = 0;
		};
/* End PBXSourcesBuildPhase section */

/* Begin PBXTargetDependency section */
		31DFD9C71FB14196005BF855 /* PBXTargetDependency */ = {
			isa = PBXTargetDependency;
			target = 31DFD9C01FB14195005BF855 /* ScrollViewController */;
			targetProxy = 31DFD9C61FB14196005BF855 /* PBXContainerItemProxy */;
		};
		31DFD9D91FB1424F005BF855 /* PBXTargetDependency */ = {
			isa = PBXTargetDependency;
			target = 31DFD9C01FB14195005BF855 /* ScrollViewController */;
			targetProxy = 31DFD9D81FB1424F005BF855 /* PBXContainerItemProxy */;
		};
/* End PBXTargetDependency section */

/* Begin PBXVariantGroup section */
		31ACE09C1FB14079001C4F2F /* LaunchScreen.storyboard */ = {
			isa = PBXVariantGroup;
			children = (
				31ACE09D1FB14079001C4F2F /* Base */,
			);
			name = LaunchScreen.storyboard;
			sourceTree = "<group>";
		};
/* End PBXVariantGroup section */

/* Begin XCBuildConfiguration section */
		31ACE0A01FB14079001C4F2F /* Debug */ = {
			isa = XCBuildConfiguration;
			buildSettings = {
				ALWAYS_SEARCH_USER_PATHS = NO;
				CLANG_ANALYZER_NONNULL = YES;
				CLANG_ANALYZER_NUMBER_OBJECT_CONVERSION = YES_AGGRESSIVE;
				CLANG_CXX_LANGUAGE_STANDARD = "gnu++14";
				CLANG_CXX_LIBRARY = "libc++";
				CLANG_ENABLE_MODULES = YES;
				CLANG_ENABLE_OBJC_ARC = YES;
				CLANG_WARN_BLOCK_CAPTURE_AUTORELEASING = YES;
				CLANG_WARN_BOOL_CONVERSION = YES;
				CLANG_WARN_COMMA = YES;
				CLANG_WARN_CONSTANT_CONVERSION = YES;
				CLANG_WARN_DIRECT_OBJC_ISA_USAGE = YES_ERROR;
				CLANG_WARN_DOCUMENTATION_COMMENTS = YES;
				CLANG_WARN_EMPTY_BODY = YES;
				CLANG_WARN_ENUM_CONVERSION = YES;
				CLANG_WARN_INFINITE_RECURSION = YES;
				CLANG_WARN_INT_CONVERSION = YES;
				CLANG_WARN_NON_LITERAL_NULL_CONVERSION = YES;
				CLANG_WARN_OBJC_LITERAL_CONVERSION = YES;
				CLANG_WARN_OBJC_ROOT_CLASS = YES_ERROR;
				CLANG_WARN_RANGE_LOOP_ANALYSIS = YES;
				CLANG_WARN_STRICT_PROTOTYPES = YES;
				CLANG_WARN_SUSPICIOUS_MOVE = YES;
				CLANG_WARN_UNGUARDED_AVAILABILITY = YES_AGGRESSIVE;
				CLANG_WARN_UNREACHABLE_CODE = YES;
				CLANG_WARN__DUPLICATE_METHOD_MATCH = YES;
				CODE_SIGN_IDENTITY = "iPhone Developer";
				COPY_PHASE_STRIP = NO;
				DEBUG_INFORMATION_FORMAT = dwarf;
				ENABLE_STRICT_OBJC_MSGSEND = YES;
				ENABLE_TESTABILITY = YES;
				GCC_C_LANGUAGE_STANDARD = gnu11;
				GCC_DYNAMIC_NO_PIC = NO;
				GCC_NO_COMMON_BLOCKS = YES;
				GCC_OPTIMIZATION_LEVEL = 0;
				GCC_PREPROCESSOR_DEFINITIONS = (
					"DEBUG=1",
					"$(inherited)",
				);
				GCC_WARN_64_TO_32_BIT_CONVERSION = YES;
				GCC_WARN_ABOUT_RETURN_TYPE = YES_ERROR;
				GCC_WARN_UNDECLARED_SELECTOR = YES;
				GCC_WARN_UNINITIALIZED_AUTOS = YES_AGGRESSIVE;
				GCC_WARN_UNUSED_FUNCTION = YES;
				GCC_WARN_UNUSED_VARIABLE = YES;
				IPHONEOS_DEPLOYMENT_TARGET = 11.1;
				MTL_ENABLE_DEBUG_INFO = YES;
				ONLY_ACTIVE_ARCH = YES;
				SDKROOT = iphoneos;
				SWIFT_ACTIVE_COMPILATION_CONDITIONS = DEBUG;
				SWIFT_OPTIMIZATION_LEVEL = "-Onone";
			};
			name = Debug;
		};
		31ACE0A11FB14079001C4F2F /* Release */ = {
			isa = XCBuildConfiguration;
			buildSettings = {
				ALWAYS_SEARCH_USER_PATHS = NO;
				CLANG_ANALYZER_NONNULL = YES;
				CLANG_ANALYZER_NUMBER_OBJECT_CONVERSION = YES_AGGRESSIVE;
				CLANG_CXX_LANGUAGE_STANDARD = "gnu++14";
				CLANG_CXX_LIBRARY = "libc++";
				CLANG_ENABLE_MODULES = YES;
				CLANG_ENABLE_OBJC_ARC = YES;
				CLANG_WARN_BLOCK_CAPTURE_AUTORELEASING = YES;
				CLANG_WARN_BOOL_CONVERSION = YES;
				CLANG_WARN_COMMA = YES;
				CLANG_WARN_CONSTANT_CONVERSION = YES;
				CLANG_WARN_DIRECT_OBJC_ISA_USAGE = YES_ERROR;
				CLANG_WARN_DOCUMENTATION_COMMENTS = YES;
				CLANG_WARN_EMPTY_BODY = YES;
				CLANG_WARN_ENUM_CONVERSION = YES;
				CLANG_WARN_INFINITE_RECURSION = YES;
				CLANG_WARN_INT_CONVERSION = YES;
				CLANG_WARN_NON_LITERAL_NULL_CONVERSION = YES;
				CLANG_WARN_OBJC_LITERAL_CONVERSION = YES;
				CLANG_WARN_OBJC_ROOT_CLASS = YES_ERROR;
				CLANG_WARN_RANGE_LOOP_ANALYSIS = YES;
				CLANG_WARN_STRICT_PROTOTYPES = YES;
				CLANG_WARN_SUSPICIOUS_MOVE = YES;
				CLANG_WARN_UNGUARDED_AVAILABILITY = YES_AGGRESSIVE;
				CLANG_WARN_UNREACHABLE_CODE = YES;
				CLANG_WARN__DUPLICATE_METHOD_MATCH = YES;
				CODE_SIGN_IDENTITY = "iPhone Developer";
				COPY_PHASE_STRIP = NO;
				DEBUG_INFORMATION_FORMAT = "dwarf-with-dsym";
				ENABLE_NS_ASSERTIONS = NO;
				ENABLE_STRICT_OBJC_MSGSEND = YES;
				GCC_C_LANGUAGE_STANDARD = gnu11;
				GCC_NO_COMMON_BLOCKS = YES;
				GCC_WARN_64_TO_32_BIT_CONVERSION = YES;
				GCC_WARN_ABOUT_RETURN_TYPE = YES_ERROR;
				GCC_WARN_UNDECLARED_SELECTOR = YES;
				GCC_WARN_UNINITIALIZED_AUTOS = YES_AGGRESSIVE;
				GCC_WARN_UNUSED_FUNCTION = YES;
				GCC_WARN_UNUSED_VARIABLE = YES;
				IPHONEOS_DEPLOYMENT_TARGET = 11.1;
				MTL_ENABLE_DEBUG_INFO = NO;
				SDKROOT = iphoneos;
				SWIFT_OPTIMIZATION_LEVEL = "-Owholemodule";
				VALIDATE_PRODUCT = YES;
			};
			name = Release;
		};
		31ACE0A31FB14079001C4F2F /* Debug */ = {
			isa = XCBuildConfiguration;
			baseConfigurationReference = 7E4ABB272DD856DF4899F168 /* Pods-ScrollViewControllerDemoApp.debug.xcconfig */;
			buildSettings = {
				ALWAYS_EMBED_SWIFT_STANDARD_LIBRARIES = "$(inherited)";
				ASSETCATALOG_COMPILER_APPICON_NAME = AppIcon;
				CODE_SIGN_STYLE = Automatic;
				INFOPLIST_FILE = DemoApp/Info.plist;
				LD_RUNPATH_SEARCH_PATHS = "$(inherited) @executable_path/Frameworks";
				PRODUCT_BUNDLE_IDENTIFIER = pl.darrarski.ScrollViewControllerDemoApp;
				PRODUCT_NAME = "$(TARGET_NAME)";
				SWIFT_VERSION = 4.0;
				TARGETED_DEVICE_FAMILY = "1,2";
			};
			name = Debug;
		};
		31ACE0A41FB14079001C4F2F /* Release */ = {
			isa = XCBuildConfiguration;
			baseConfigurationReference = B032ADEA1B801EAB85060ED9 /* Pods-ScrollViewControllerDemoApp.release.xcconfig */;
			buildSettings = {
				ALWAYS_EMBED_SWIFT_STANDARD_LIBRARIES = "$(inherited)";
				ASSETCATALOG_COMPILER_APPICON_NAME = AppIcon;
				CODE_SIGN_STYLE = Automatic;
				INFOPLIST_FILE = DemoApp/Info.plist;
				LD_RUNPATH_SEARCH_PATHS = "$(inherited) @executable_path/Frameworks";
				PRODUCT_BUNDLE_IDENTIFIER = pl.darrarski.ScrollViewControllerDemoApp;
				PRODUCT_NAME = "$(TARGET_NAME)";
				SWIFT_VERSION = 4.0;
				TARGETED_DEVICE_FAMILY = "1,2";
			};
			name = Release;
		};
		31DFD9CB1FB14196005BF855 /* Debug */ = {
			isa = XCBuildConfiguration;
			baseConfigurationReference = 46F8C6767465A56785791768 /* Pods-ScrollViewController.debug.xcconfig */;
			buildSettings = {
				CODE_SIGN_IDENTITY = "";
				CODE_SIGN_STYLE = Automatic;
				CURRENT_PROJECT_VERSION = 1;
				DEFINES_MODULE = YES;
				DYLIB_COMPATIBILITY_VERSION = 1;
				DYLIB_CURRENT_VERSION = 1;
				DYLIB_INSTALL_NAME_BASE = "@rpath";
				INFOPLIST_FILE = Sources/Info.plist;
				INSTALL_PATH = "$(LOCAL_LIBRARY_DIR)/Frameworks";
				LD_RUNPATH_SEARCH_PATHS = "$(inherited) @executable_path/Frameworks @loader_path/Frameworks";
				PRODUCT_BUNDLE_IDENTIFIER = pl.darrarski.ScrollViewController;
				PRODUCT_NAME = "$(TARGET_NAME:c99extidentifier)";
				SKIP_INSTALL = YES;
				SWIFT_VERSION = 4.0;
				TARGETED_DEVICE_FAMILY = "1,2";
				VERSIONING_SYSTEM = "apple-generic";
				VERSION_INFO_PREFIX = "";
			};
			name = Debug;
		};
		31DFD9CC1FB14196005BF855 /* Release */ = {
			isa = XCBuildConfiguration;
			baseConfigurationReference = B5130A2BF61641FC300F86D9 /* Pods-ScrollViewController.release.xcconfig */;
			buildSettings = {
				CODE_SIGN_IDENTITY = "";
				CODE_SIGN_STYLE = Automatic;
				CURRENT_PROJECT_VERSION = 1;
				DEFINES_MODULE = YES;
				DYLIB_COMPATIBILITY_VERSION = 1;
				DYLIB_CURRENT_VERSION = 1;
				DYLIB_INSTALL_NAME_BASE = "@rpath";
				INFOPLIST_FILE = Sources/Info.plist;
				INSTALL_PATH = "$(LOCAL_LIBRARY_DIR)/Frameworks";
				LD_RUNPATH_SEARCH_PATHS = "$(inherited) @executable_path/Frameworks @loader_path/Frameworks";
				PRODUCT_BUNDLE_IDENTIFIER = pl.darrarski.ScrollViewController;
				PRODUCT_NAME = "$(TARGET_NAME:c99extidentifier)";
				SKIP_INSTALL = YES;
				SWIFT_VERSION = 4.0;
				TARGETED_DEVICE_FAMILY = "1,2";
				VERSIONING_SYSTEM = "apple-generic";
				VERSION_INFO_PREFIX = "";
			};
			name = Release;
		};
		31DFD9DB1FB1424F005BF855 /* Debug */ = {
			isa = XCBuildConfiguration;
			baseConfigurationReference = 6073F62D9717AAFDDDD79C73 /* Pods-ScrollViewControllerTests.debug.xcconfig */;
			buildSettings = {
				ALWAYS_EMBED_SWIFT_STANDARD_LIBRARIES = "$(inherited)";
				CODE_SIGN_STYLE = Automatic;
				INFOPLIST_FILE = Tests/Info.plist;
				LD_RUNPATH_SEARCH_PATHS = "$(inherited) @executable_path/Frameworks @loader_path/Frameworks";
				PRODUCT_BUNDLE_IDENTIFIER = pl.darrarski.ScrollViewControllerTests;
				PRODUCT_NAME = "$(TARGET_NAME)";
				SWIFT_VERSION = 4.0;
				TARGETED_DEVICE_FAMILY = "1,2";
			};
			name = Debug;
		};
		31DFD9DC1FB1424F005BF855 /* Release */ = {
			isa = XCBuildConfiguration;
			baseConfigurationReference = B0F771878E1CDF25AF82614C /* Pods-ScrollViewControllerTests.release.xcconfig */;
			buildSettings = {
				ALWAYS_EMBED_SWIFT_STANDARD_LIBRARIES = "$(inherited)";
				CODE_SIGN_STYLE = Automatic;
				INFOPLIST_FILE = Tests/Info.plist;
				LD_RUNPATH_SEARCH_PATHS = "$(inherited) @executable_path/Frameworks @loader_path/Frameworks";
				PRODUCT_BUNDLE_IDENTIFIER = pl.darrarski.ScrollViewControllerTests;
				PRODUCT_NAME = "$(TARGET_NAME)";
				SWIFT_VERSION = 4.0;
				TARGETED_DEVICE_FAMILY = "1,2";
			};
			name = Release;
		};
/* End XCBuildConfiguration section */

/* Begin XCConfigurationList section */
		31ACE08B1FB14079001C4F2F /* Build configuration list for PBXProject "ScrollViewController" */ = {
			isa = XCConfigurationList;
			buildConfigurations = (
				31ACE0A01FB14079001C4F2F /* Debug */,
				31ACE0A11FB14079001C4F2F /* Release */,
			);
			defaultConfigurationIsVisible = 0;
			defaultConfigurationName = Release;
		};
		31ACE0A21FB14079001C4F2F /* Build configuration list for PBXNativeTarget "ScrollViewControllerDemoApp" */ = {
			isa = XCConfigurationList;
			buildConfigurations = (
				31ACE0A31FB14079001C4F2F /* Debug */,
				31ACE0A41FB14079001C4F2F /* Release */,
			);
			defaultConfigurationIsVisible = 0;
			defaultConfigurationName = Release;
		};
		31DFD9CA1FB14196005BF855 /* Build configuration list for PBXNativeTarget "ScrollViewController" */ = {
			isa = XCConfigurationList;
			buildConfigurations = (
				31DFD9CB1FB14196005BF855 /* Debug */,
				31DFD9CC1FB14196005BF855 /* Release */,
			);
			defaultConfigurationIsVisible = 0;
			defaultConfigurationName = Release;
		};
		31DFD9DA1FB1424F005BF855 /* Build configuration list for PBXNativeTarget "ScrollViewControllerTests" */ = {
			isa = XCConfigurationList;
			buildConfigurations = (
				31DFD9DB1FB1424F005BF855 /* Debug */,
				31DFD9DC1FB1424F005BF855 /* Release */,
			);
			defaultConfigurationIsVisible = 0;
			defaultConfigurationName = Release;
		};
/* End XCConfigurationList section */
	};
	rootObject = 31ACE0881FB14079001C4F2F /* Project object */;
}
